
Microsoft Visual Studio Solution File, Format Version 12.00
# Visual Studio Version 17
VisualStudioVersion = 17.9.34728.123
MinimumVisualStudioVersion = 10.0.40219.1
Project("{FAE04EC0-301F-11D3-BF4B-00C04F79EFBC}") = "UMLAT_Parser", "UMLAT_Parser\UMLAT_Parser.csproj", "{0516A549-AC17-44A3-A9A6-C3ACE704CDE4}"
EndProject
Global
	GlobalSection(SolutionConfigurationPlatforms) = preSolution
		Debug|Any CPU = Debug|Any CPU
		Release|Any CPU = Release|Any CPU
	EndGlobalSection
	GlobalSection(ProjectConfigurationPlatforms) = postSolution
		{0516A549-AC17-44A3-A9A6-C3ACE704CDE4}.Debug|Any CPU.ActiveCfg = Debug|Any CPU
		{0516A549-AC17-44A3-A9A6-C3ACE704CDE4}.Debug|Any CPU.Build.0 = Debug|Any CPU
		{0516A549-AC17-44A3-A9A6-C3ACE704CDE4}.Release|Any CPU.ActiveCfg = Release|Any CPU
		{0516A549-AC17-44A3-A9A6-C3ACE704CDE4}.Release|Any CPU.Build.0 = Release|Any CPU
	EndGlobalSection
	GlobalSection(SolutionProperties) = preSolution
		HideSolutionNode = FALSE
	EndGlobalSection
	GlobalSection(ExtensibilityGlobals) = postSolution
		SolutionGuid = {5C42AF60-847C-4008-801B-B24BE7277AEB}
	EndGlobalSection
EndGlobal
